schema: '2.0'
stages:
  preprocess-data:
    cmd: poetry run bimodal preprocess-data
    deps:
    - path: data/raw
      md5: 1877dcccdcf73b518ef8b1649a2c5574.dir
      size: 231685791
      nfiles: 26
    - path: python/src/bimodal/preprocessing.py
      md5: 82bce757e9df5151c7c4be1b9d23c79e
      size: 5035
    outs:
    - path: data/counter_data.parquet
      md5: 17093b919d3366f5bbea6282492d9b41
      size: 3878480
    - path: data/weather_rain.parquet
      md5: 362d2448d2b1461dd0ebee67d9978fed
      size: 231258
    - path: data/weather_temp.parquet
      md5: c656f43a7c269b2cbd940c3873814b40
      size: 516231
    - path: data/weather_wind.parquet
      md5: 11c6a952b90baaf81b703a4e23263fa1
      size: 509038
    - path: data/wellington_holidays.parquet
      md5: 70ac7128f2938b40c4c90dfe775b91ec
      size: 1181
  build-db:
    cmd: poetry run bimodal build-db data/
    deps:
    - path: data/counter_data.parquet
      md5: 17093b919d3366f5bbea6282492d9b41
      size: 3878480
    - path: data/weather_rain.parquet
      md5: 362d2448d2b1461dd0ebee67d9978fed
      size: 231258
    - path: data/weather_temp.parquet
      md5: c656f43a7c269b2cbd940c3873814b40
      size: 516231
    - path: data/weather_wind.parquet
      md5: 11c6a952b90baaf81b703a4e23263fa1
      size: 509038
    - path: data/wellington_holidays.parquet
      md5: 70ac7128f2938b40c4c90dfe775b91ec
      size: 1181
    - path: python/src/bimodal/database.py
      md5: 0bb748a8cb3e3a7b4d362a9081d40b34
      size: 1992
    outs:
    - path: data/db.sqlite
      md5: 932e4c5f8c1b7a47160f8549e49929d5
      size: 80658432
  build-datasets:
    cmd: poetry run bimodal build-datasets data/
    deps:
    - path: data/counter_data.parquet
      md5: 17093b919d3366f5bbea6282492d9b41
      size: 3878480
    - path: data/weather_rain.parquet
      md5: 362d2448d2b1461dd0ebee67d9978fed
      size: 231258
    - path: data/weather_temp.parquet
      md5: c656f43a7c269b2cbd940c3873814b40
      size: 516231
    - path: data/weather_wind.parquet
      md5: 11c6a952b90baaf81b703a4e23263fa1
      size: 509038
    - path: data/wellington_holidays.parquet
      md5: 70ac7128f2938b40c4c90dfe775b91ec
      size: 1181
    - path: python/src/bimodal/datasets.py
      md5: 72f035a01430c172d4dc731d68111920
      size: 4417
    outs:
    - path: data/dataset_daily_counts.parquet
      md5: dba0079ae0bd9a1bf5ff731b10396d0a
      size: 228936
    - path: data/dataset_hourly_counts.parquet
      md5: b9a9bae01a71d66b5ea8638e554d6afe
      size: 11512237
